
Microsoft Visual Studio Solution File, Format Version 12.00
# Visual Studio 15
VisualStudioVersion = 15.0.27703.2035
MinimumVisualStudioVersion = 10.0.40219.1
Project("{FAE04EC0-301F-11D3-BF4B-00C04F79EFBC}") = "Linq01", "Linq01\Linq01.csproj", "{B67797F0-387C-4D29-B8E0-CC04567E4B3D}"
EndProject
Project("{FAE04EC0-301F-11D3-BF4B-00C04F79EFBC}") = "Linq02", "Linq02\Linq02.csproj", "{EFEC44AA-812C-4640-80BA-F92BB5C46FB3}"
EndProject
Project("{FAE04EC0-301F-11D3-BF4B-00C04F79EFBC}") = "Linq03", "Linq03\Linq03.csproj", "{20809F27-705B-4930-9792-6C594410EC4F}"
EndProject
Project("{2150E333-8FDC-42A3-9474-1A3956D46DE8}") = "Linq04", "Linq04", "{BC0B15BC-BAA8-4A81-8CE7-6383F462EBFB}"
EndProject
Project("{FAE04EC0-301F-11D3-BF4B-00C04F79EFBC}") = "Magasin", "Linq04\Magasin\Magasin.csproj", "{A5C038B6-CB40-4627-B716-C3CE7C6A7E16}"
EndProject
Project("{FAE04EC0-301F-11D3-BF4B-00C04F79EFBC}") = "Magasin.Domaine", "Linq04\Magasin.Domaine\Magasin.Domaine.csproj", "{88451D18-E76A-4FCD-860C-3D560AB0B6A0}"
EndProject
Global
	GlobalSection(SolutionConfigurationPlatforms) = preSolution
		Debug|Any CPU = Debug|Any CPU
		Release|Any CPU = Release|Any CPU
	EndGlobalSection
	GlobalSection(ProjectConfigurationPlatforms) = postSolution
		{B67797F0-387C-4D29-B8E0-CC04567E4B3D}.Debug|Any CPU.ActiveCfg = Debug|Any CPU
		{B67797F0-387C-4D29-B8E0-CC04567E4B3D}.Debug|Any CPU.Build.0 = Debug|Any CPU
		{B67797F0-387C-4D29-B8E0-CC04567E4B3D}.Release|Any CPU.ActiveCfg = Release|Any CPU
		{B67797F0-387C-4D29-B8E0-CC04567E4B3D}.Release|Any CPU.Build.0 = Release|Any CPU
		{EFEC44AA-812C-4640-80BA-F92BB5C46FB3}.Debug|Any CPU.ActiveCfg = Debug|Any CPU
		{EFEC44AA-812C-4640-80BA-F92BB5C46FB3}.Debug|Any CPU.Build.0 = Debug|Any CPU
		{EFEC44AA-812C-4640-80BA-F92BB5C46FB3}.Release|Any CPU.ActiveCfg = Release|Any CPU
		{EFEC44AA-812C-4640-80BA-F92BB5C46FB3}.Release|Any CPU.Build.0 = Release|Any CPU
		{20809F27-705B-4930-9792-6C594410EC4F}.Debug|Any CPU.ActiveCfg = Debug|Any CPU
		{20809F27-705B-4930-9792-6C594410EC4F}.Debug|Any CPU.Build.0 = Debug|Any CPU
		{20809F27-705B-4930-9792-6C594410EC4F}.Release|Any CPU.ActiveCfg = Release|Any CPU
		{20809F27-705B-4930-9792-6C594410EC4F}.Release|Any CPU.Build.0 = Release|Any CPU
		{A5C038B6-CB40-4627-B716-C3CE7C6A7E16}.Debug|Any CPU.ActiveCfg = Debug|Any CPU
		{A5C038B6-CB40-4627-B716-C3CE7C6A7E16}.Debug|Any CPU.Build.0 = Debug|Any CPU
		{A5C038B6-CB40-4627-B716-C3CE7C6A7E16}.Release|Any CPU.ActiveCfg = Release|Any CPU
		{A5C038B6-CB40-4627-B716-C3CE7C6A7E16}.Release|Any CPU.Build.0 = Release|Any CPU
		{88451D18-E76A-4FCD-860C-3D560AB0B6A0}.Debug|Any CPU.ActiveCfg = Debug|Any CPU
		{88451D18-E76A-4FCD-860C-3D560AB0B6A0}.Debug|Any CPU.Build.0 = Debug|Any CPU
		{88451D18-E76A-4FCD-860C-3D560AB0B6A0}.Release|Any CPU.ActiveCfg = Release|Any CPU
		{88451D18-E76A-4FCD-860C-3D560AB0B6A0}.Release|Any CPU.Build.0 = Release|Any CPU
	EndGlobalSection
	GlobalSection(SolutionProperties) = preSolution
		HideSolutionNode = FALSE
	EndGlobalSection
	GlobalSection(NestedProjects) = preSolution
		{A5C038B6-CB40-4627-B716-C3CE7C6A7E16} = {BC0B15BC-BAA8-4A81-8CE7-6383F462EBFB}
		{88451D18-E76A-4FCD-860C-3D560AB0B6A0} = {BC0B15BC-BAA8-4A81-8CE7-6383F462EBFB}
	EndGlobalSection
	GlobalSection(ExtensibilityGlobals) = postSolution
		SolutionGuid = {B2F01637-EA31-4C74-8DE4-4904F380DF8C}
	EndGlobalSection
EndGlobal
